
Microsoft Visual Studio Solution File, Format Version 12.00
# Visual Studio Version 17
VisualStudioVersion = 17.13.35818.85 d17.13
MinimumVisualStudioVersion = 10.0.40219.1
Project("{FAE04EC0-301F-11D3-BF4B-00C04F79EFBC}") = "likelion1", "likelion1\likelion1.csproj", "{A3D34384-A6D4-448E-B1A3-73E9D52C364E}"
EndProject
Global
	GlobalSection(SolutionConfigurationPlatforms) = preSolution
		Debug|Any CPU = Debug|Any CPU
		Release|Any CPU = Release|Any CPU
	EndGlobalSection
	GlobalSection(ProjectConfigurationPlatforms) = postSolution
		{A3D34384-A6D4-448E-B1A3-73E9D52C364E}.Debug|Any CPU.ActiveCfg = Debug|Any CPU
		{A3D34384-A6D4-448E-B1A3-73E9D52C364E}.Debug|Any CPU.Build.0 = Debug|Any CPU
		{A3D34384-A6D4-448E-B1A3-73E9D52C364E}.Release|Any CPU.ActiveCfg = Release|Any CPU
		{A3D34384-A6D4-448E-B1A3-73E9D52C364E}.Release|Any CPU.Build.0 = Release|Any CPU
	EndGlobalSection
	GlobalSection(SolutionProperties) = preSolution
		HideSolutionNode = FALSE
	EndGlobalSection
	GlobalSection(ExtensibilityGlobals) = postSolution
		SolutionGuid = {398C8E94-2368-4EE0-BBD3-0B7E8F9A55FB}
	EndGlobalSection
EndGlobal
