
Microsoft Visual Studio Solution File, Format Version 12.00
# Visual Studio Version 17
VisualStudioVersion = 17.13.35818.85 d17.13
MinimumVisualStudioVersion = 10.0.40219.1
Project("{FAE04EC0-301F-11D3-BF4B-00C04F79EFBC}") = "Week2_wed", "Week2_wed\Week2_wed.csproj", "{204D6A3E-4513-4EC1-94D2-AF0B73D692D2}"
EndProject
Project("{FAE04EC0-301F-11D3-BF4B-00C04F79EFBC}") = "bingo", "bingo\bingo.csproj", "{33AF8D47-CD8E-412E-9A11-2632B26AC1E0}"
EndProject
Project("{FAE04EC0-301F-11D3-BF4B-00C04F79EFBC}") = "wed2", "wed2\wed2.csproj", "{F438C7E3-C390-4FC3-BC9C-47492C8F59C3}"
EndProject
Project("{FAE04EC0-301F-11D3-BF4B-00C04F79EFBC}") = "fuction", "fuction\fuction.csproj", "{673239A0-AA64-4A87-8158-6F5DBA8777D6}"
EndProject
Project("{FAE04EC0-301F-11D3-BF4B-00C04F79EFBC}") = "Function test", "Function test\Function test.csproj", "{CC67F7C2-D443-49AB-B0CD-6350D49E6BE2}"
EndProject
Global
	GlobalSection(SolutionConfigurationPlatforms) = preSolution
		Debug|Any CPU = Debug|Any CPU
		Release|Any CPU = Release|Any CPU
	EndGlobalSection
	GlobalSection(ProjectConfigurationPlatforms) = postSolution
		{204D6A3E-4513-4EC1-94D2-AF0B73D692D2}.Debug|Any CPU.ActiveCfg = Debug|Any CPU
		{204D6A3E-4513-4EC1-94D2-AF0B73D692D2}.Debug|Any CPU.Build.0 = Debug|Any CPU
		{204D6A3E-4513-4EC1-94D2-AF0B73D692D2}.Release|Any CPU.ActiveCfg = Release|Any CPU
		{204D6A3E-4513-4EC1-94D2-AF0B73D692D2}.Release|Any CPU.Build.0 = Release|Any CPU
		{33AF8D47-CD8E-412E-9A11-2632B26AC1E0}.Debug|Any CPU.ActiveCfg = Debug|Any CPU
		{33AF8D47-CD8E-412E-9A11-2632B26AC1E0}.Debug|Any CPU.Build.0 = Debug|Any CPU
		{33AF8D47-CD8E-412E-9A11-2632B26AC1E0}.Release|Any CPU.ActiveCfg = Release|Any CPU
		{33AF8D47-CD8E-412E-9A11-2632B26AC1E0}.Release|Any CPU.Build.0 = Release|Any CPU
		{F438C7E3-C390-4FC3-BC9C-47492C8F59C3}.Debug|Any CPU.ActiveCfg = Debug|Any CPU
		{F438C7E3-C390-4FC3-BC9C-47492C8F59C3}.Debug|Any CPU.Build.0 = Debug|Any CPU
		{F438C7E3-C390-4FC3-BC9C-47492C8F59C3}.Release|Any CPU.ActiveCfg = Release|Any CPU
		{F438C7E3-C390-4FC3-BC9C-47492C8F59C3}.Release|Any CPU.Build.0 = Release|Any CPU
		{673239A0-AA64-4A87-8158-6F5DBA8777D6}.Debug|Any CPU.ActiveCfg = Debug|Any CPU
		{673239A0-AA64-4A87-8158-6F5DBA8777D6}.Debug|Any CPU.Build.0 = Debug|Any CPU
		{673239A0-AA64-4A87-8158-6F5DBA8777D6}.Release|Any CPU.ActiveCfg = Release|Any CPU
		{673239A0-AA64-4A87-8158-6F5DBA8777D6}.Release|Any CPU.Build.0 = Release|Any CPU
		{CC67F7C2-D443-49AB-B0CD-6350D49E6BE2}.Debug|Any CPU.ActiveCfg = Debug|Any CPU
		{CC67F7C2-D443-49AB-B0CD-6350D49E6BE2}.Debug|Any CPU.Build.0 = Debug|Any CPU
		{CC67F7C2-D443-49AB-B0CD-6350D49E6BE2}.Release|Any CPU.ActiveCfg = Release|Any CPU
		{CC67F7C2-D443-49AB-B0CD-6350D49E6BE2}.Release|Any CPU.Build.0 = Release|Any CPU
	EndGlobalSection
	GlobalSection(SolutionProperties) = preSolution
		HideSolutionNode = FALSE
	EndGlobalSection
	GlobalSection(ExtensibilityGlobals) = postSolution
		SolutionGuid = {FFF105F4-18FE-42B6-AB1E-4F127098C6F1}
	EndGlobalSection
EndGlobal
