
Microsoft Visual Studio Solution File, Format Version 12.00
# Visual Studio Version 17
VisualStudioVersion = 17.13.35825.156 d17.13
MinimumVisualStudioVersion = 10.0.40219.1
Project("{FAE04EC0-301F-11D3-BF4B-00C04F79EFBC}") = "Week3_Last", "Week3_Last\Week3_Last.csproj", "{1F8A78E8-4254-4442-BA7C-17A600664852}"
EndProject
Global
	GlobalSection(SolutionConfigurationPlatforms) = preSolution
		Debug|Any CPU = Debug|Any CPU
		Release|Any CPU = Release|Any CPU
	EndGlobalSection
	GlobalSection(ProjectConfigurationPlatforms) = postSolution
		{1F8A78E8-4254-4442-BA7C-17A600664852}.Debug|Any CPU.ActiveCfg = Debug|Any CPU
		{1F8A78E8-4254-4442-BA7C-17A600664852}.Debug|Any CPU.Build.0 = Debug|Any CPU
		{1F8A78E8-4254-4442-BA7C-17A600664852}.Release|Any CPU.ActiveCfg = Release|Any CPU
		{1F8A78E8-4254-4442-BA7C-17A600664852}.Release|Any CPU.Build.0 = Release|Any CPU
	EndGlobalSection
	GlobalSection(SolutionProperties) = preSolution
		HideSolutionNode = FALSE
	EndGlobalSection
	GlobalSection(ExtensibilityGlobals) = postSolution
		SolutionGuid = {DB22B101-A8A6-4DB1-A150-65E19AF640A0}
	EndGlobalSection
EndGlobal
