
Microsoft Visual Studio Solution File, Format Version 12.00
# Visual Studio Version 17
VisualStudioVersion = 17.13.35818.85
MinimumVisualStudioVersion = 10.0.40219.1
Project("{FAE04EC0-301F-11D3-BF4B-00C04F79EFBC}") = "Week3_1st", "Week3_1st\Week3_1st.csproj", "{8B982CCA-D99C-4FB6-B776-1ECC6B36C5A7}"
EndProject
Project("{FAE04EC0-301F-11D3-BF4B-00C04F79EFBC}") = "Work", "Work\Work.csproj", "{2FAEF53C-490B-42BE-AD09-02C0B0281287}"
EndProject
Global
	GlobalSection(SolutionConfigurationPlatforms) = preSolution
		Debug|Any CPU = Debug|Any CPU
		Release|Any CPU = Release|Any CPU
	EndGlobalSection
	GlobalSection(ProjectConfigurationPlatforms) = postSolution
		{8B982CCA-D99C-4FB6-B776-1ECC6B36C5A7}.Debug|Any CPU.ActiveCfg = Debug|Any CPU
		{8B982CCA-D99C-4FB6-B776-1ECC6B36C5A7}.Debug|Any CPU.Build.0 = Debug|Any CPU
		{8B982CCA-D99C-4FB6-B776-1ECC6B36C5A7}.Release|Any CPU.ActiveCfg = Release|Any CPU
		{8B982CCA-D99C-4FB6-B776-1ECC6B36C5A7}.Release|Any CPU.Build.0 = Release|Any CPU
		{2FAEF53C-490B-42BE-AD09-02C0B0281287}.Debug|Any CPU.ActiveCfg = Debug|Any CPU
		{2FAEF53C-490B-42BE-AD09-02C0B0281287}.Debug|Any CPU.Build.0 = Debug|Any CPU
		{2FAEF53C-490B-42BE-AD09-02C0B0281287}.Release|Any CPU.ActiveCfg = Release|Any CPU
		{2FAEF53C-490B-42BE-AD09-02C0B0281287}.Release|Any CPU.Build.0 = Release|Any CPU
	EndGlobalSection
	GlobalSection(SolutionProperties) = preSolution
		HideSolutionNode = FALSE
	EndGlobalSection
	GlobalSection(ExtensibilityGlobals) = postSolution
		SolutionGuid = {DC9CEA43-B486-458B-8533-610C6F6A4637}
	EndGlobalSection
EndGlobal
