
Microsoft Visual Studio Solution File, Format Version 12.00
# Visual Studio Version 17
VisualStudioVersion = 17.13.35818.85 d17.13
MinimumVisualStudioVersion = 10.0.40219.1
Project("{FAE04EC0-301F-11D3-BF4B-00C04F79EFBC}") = "likelion5", "likelion5\likelion5.csproj", "{2E409CCF-E8FE-45A6-853A-AC48947F9973}"
EndProject
Global
	GlobalSection(SolutionConfigurationPlatforms) = preSolution
		Debug|Any CPU = Debug|Any CPU
		Release|Any CPU = Release|Any CPU
	EndGlobalSection
	GlobalSection(ProjectConfigurationPlatforms) = postSolution
		{2E409CCF-E8FE-45A6-853A-AC48947F9973}.Debug|Any CPU.ActiveCfg = Debug|Any CPU
		{2E409CCF-E8FE-45A6-853A-AC48947F9973}.Debug|Any CPU.Build.0 = Debug|Any CPU
		{2E409CCF-E8FE-45A6-853A-AC48947F9973}.Release|Any CPU.ActiveCfg = Release|Any CPU
		{2E409CCF-E8FE-45A6-853A-AC48947F9973}.Release|Any CPU.Build.0 = Release|Any CPU
	EndGlobalSection
	GlobalSection(SolutionProperties) = preSolution
		HideSolutionNode = FALSE
	EndGlobalSection
	GlobalSection(ExtensibilityGlobals) = postSolution
		SolutionGuid = {D90D2983-9B03-4179-9F3C-80255BD1B425}
	EndGlobalSection
EndGlobal
